
Microsoft Visual Studio Solution File, Format Version 12.00
# Visual Studio 2013
VisualStudioVersion = 12.0.21005.1
MinimumVisualStudioVersion = 10.0.40219.1
Project("{FAE04EC0-301F-11D3-BF4B-00C04F79EFBC}") = "FYPAdam", "FYPAdam\FYPAdam.csproj", "{0CF13F40-5726-4BF3-A738-6A503C84B88D}"
EndProject
Project("{FAE04EC0-301F-11D3-BF4B-00C04F79EFBC}") = "AdamDal", "AdamDal\AdamDal.csproj", "{4A6E387A-900C-4F10-9568-7C2FB29C6D40}"
EndProject
Project("{FAE04EC0-301F-11D3-BF4B-00C04F79EFBC}") = "DTO", "DTO\DTO.csproj", "{36B5E8F6-616D-445D-9EBC-AA181079D87F}"
EndProject
Project("{FAE04EC0-301F-11D3-BF4B-00C04F79EFBC}") = "Amazon.PAAPI.WCF", "Amazon.PAAPI.WCF\Amazon.PAAPI.WCF.csproj", "{B8E99D2E-F63C-4F5B-B8DD-BA67B60E4E97}"
EndProject
Project("{FAE04EC0-301F-11D3-BF4B-00C04F79EFBC}") = "AmazonSOAP", "AmazonSOAP\AmazonSOAP.csproj", "{A5B6F360-C83F-4CD0-BD7B-06365EF1B5BC}"
EndProject
Global
	GlobalSection(SolutionConfigurationPlatforms) = preSolution
		Debug|Any CPU = Debug|Any CPU
		Debug|Mixed Platforms = Debug|Mixed Platforms
		Debug|x86 = Debug|x86
		Release|Any CPU = Release|Any CPU
		Release|Mixed Platforms = Release|Mixed Platforms
		Release|x86 = Release|x86
	EndGlobalSection
	GlobalSection(ProjectConfigurationPlatforms) = postSolution
		{0CF13F40-5726-4BF3-A738-6A503C84B88D}.Debug|Any CPU.ActiveCfg = Debug|Any CPU
		{0CF13F40-5726-4BF3-A738-6A503C84B88D}.Debug|Any CPU.Build.0 = Debug|Any CPU
		{0CF13F40-5726-4BF3-A738-6A503C84B88D}.Debug|Mixed Platforms.ActiveCfg = Debug|Any CPU
		{0CF13F40-5726-4BF3-A738-6A503C84B88D}.Debug|Mixed Platforms.Build.0 = Debug|Any CPU
		{0CF13F40-5726-4BF3-A738-6A503C84B88D}.Debug|x86.ActiveCfg = Debug|Any CPU
		{0CF13F40-5726-4BF3-A738-6A503C84B88D}.Release|Any CPU.ActiveCfg = Release|Any CPU
		{0CF13F40-5726-4BF3-A738-6A503C84B88D}.Release|Any CPU.Build.0 = Release|Any CPU
		{0CF13F40-5726-4BF3-A738-6A503C84B88D}.Release|Mixed Platforms.ActiveCfg = Release|Any CPU
		{0CF13F40-5726-4BF3-A738-6A503C84B88D}.Release|Mixed Platforms.Build.0 = Release|Any CPU
		{0CF13F40-5726-4BF3-A738-6A503C84B88D}.Release|x86.ActiveCfg = Release|Any CPU
		{4A6E387A-900C-4F10-9568-7C2FB29C6D40}.Debug|Any CPU.ActiveCfg = Debug|Any CPU
		{4A6E387A-900C-4F10-9568-7C2FB29C6D40}.Debug|Any CPU.Build.0 = Debug|Any CPU
		{4A6E387A-900C-4F10-9568-7C2FB29C6D40}.Debug|Mixed Platforms.ActiveCfg = Debug|Any CPU
		{4A6E387A-900C-4F10-9568-7C2FB29C6D40}.Debug|Mixed Platforms.Build.0 = Debug|Any CPU
		{4A6E387A-900C-4F10-9568-7C2FB29C6D40}.Debug|x86.ActiveCfg = Debug|Any CPU
		{4A6E387A-900C-4F10-9568-7C2FB29C6D40}.Release|Any CPU.ActiveCfg = Release|Any CPU
		{4A6E387A-900C-4F10-9568-7C2FB29C6D40}.Release|Any CPU.Build.0 = Release|Any CPU
		{4A6E387A-900C-4F10-9568-7C2FB29C6D40}.Release|Mixed Platforms.ActiveCfg = Release|Any CPU
		{4A6E387A-900C-4F10-9568-7C2FB29C6D40}.Release|Mixed Platforms.Build.0 = Release|Any CPU
		{4A6E387A-900C-4F10-9568-7C2FB29C6D40}.Release|x86.ActiveCfg = Release|Any CPU
		{36B5E8F6-616D-445D-9EBC-AA181079D87F}.Debug|Any CPU.ActiveCfg = Debug|Any CPU
		{36B5E8F6-616D-445D-9EBC-AA181079D87F}.Debug|Any CPU.Build.0 = Debug|Any CPU
		{36B5E8F6-616D-445D-9EBC-AA181079D87F}.Debug|Mixed Platforms.ActiveCfg = Debug|Any CPU
		{36B5E8F6-616D-445D-9EBC-AA181079D87F}.Debug|Mixed Platforms.Build.0 = Debug|Any CPU
		{36B5E8F6-616D-445D-9EBC-AA181079D87F}.Debug|x86.ActiveCfg = Debug|Any CPU
		{36B5E8F6-616D-445D-9EBC-AA181079D87F}.Release|Any CPU.ActiveCfg = Release|Any CPU
		{36B5E8F6-616D-445D-9EBC-AA181079D87F}.Release|Any CPU.Build.0 = Release|Any CPU
		{36B5E8F6-616D-445D-9EBC-AA181079D87F}.Release|Mixed Platforms.ActiveCfg = Release|Any CPU
		{36B5E8F6-616D-445D-9EBC-AA181079D87F}.Release|Mixed Platforms.Build.0 = Release|Any CPU
		{36B5E8F6-616D-445D-9EBC-AA181079D87F}.Release|x86.ActiveCfg = Release|Any CPU
		{B8E99D2E-F63C-4F5B-B8DD-BA67B60E4E97}.Debug|Any CPU.ActiveCfg = Debug|Any CPU
		{B8E99D2E-F63C-4F5B-B8DD-BA67B60E4E97}.Debug|Any CPU.Build.0 = Debug|Any CPU
		{B8E99D2E-F63C-4F5B-B8DD-BA67B60E4E97}.Debug|Mixed Platforms.ActiveCfg = Debug|Any CPU
		{B8E99D2E-F63C-4F5B-B8DD-BA67B60E4E97}.Debug|Mixed Platforms.Build.0 = Debug|Any CPU
		{B8E99D2E-F63C-4F5B-B8DD-BA67B60E4E97}.Debug|x86.ActiveCfg = Debug|Any CPU
		{B8E99D2E-F63C-4F5B-B8DD-BA67B60E4E97}.Release|Any CPU.ActiveCfg = Release|Any CPU
		{B8E99D2E-F63C-4F5B-B8DD-BA67B60E4E97}.Release|Any CPU.Build.0 = Release|Any CPU
		{B8E99D2E-F63C-4F5B-B8DD-BA67B60E4E97}.Release|Mixed Platforms.ActiveCfg = Release|Any CPU
		{B8E99D2E-F63C-4F5B-B8DD-BA67B60E4E97}.Release|Mixed Platforms.Build.0 = Release|Any CPU
		{B8E99D2E-F63C-4F5B-B8DD-BA67B60E4E97}.Release|x86.ActiveCfg = Release|Any CPU
		{A5B6F360-C83F-4CD0-BD7B-06365EF1B5BC}.Debug|Any CPU.ActiveCfg = Debug|Any CPU
		{A5B6F360-C83F-4CD0-BD7B-06365EF1B5BC}.Debug|Any CPU.Build.0 = Debug|Any CPU
		{A5B6F360-C83F-4CD0-BD7B-06365EF1B5BC}.Debug|Mixed Platforms.ActiveCfg = Debug|Any CPU
		{A5B6F360-C83F-4CD0-BD7B-06365EF1B5BC}.Debug|Mixed Platforms.Build.0 = Debug|Any CPU
		{A5B6F360-C83F-4CD0-BD7B-06365EF1B5BC}.Debug|x86.ActiveCfg = Debug|Any CPU
		{A5B6F360-C83F-4CD0-BD7B-06365EF1B5BC}.Release|Any CPU.ActiveCfg = Release|Any CPU
		{A5B6F360-C83F-4CD0-BD7B-06365EF1B5BC}.Release|Any CPU.Build.0 = Release|Any CPU
		{A5B6F360-C83F-4CD0-BD7B-06365EF1B5BC}.Release|Mixed Platforms.ActiveCfg = Release|Any CPU
		{A5B6F360-C83F-4CD0-BD7B-06365EF1B5BC}.Release|Mixed Platforms.Build.0 = Release|Any CPU
		{A5B6F360-C83F-4CD0-BD7B-06365EF1B5BC}.Release|x86.ActiveCfg = Release|Any CPU
	EndGlobalSection
	GlobalSection(SolutionProperties) = preSolution
		HideSolutionNode = FALSE
	EndGlobalSection
EndGlobal
